
Microsoft Visual Studio Solution File, Format Version 12.00
# Visual Studio Version 17
VisualStudioVersion = 17.3.32922.545
MinimumVisualStudioVersion = 10.0.40219.1
Project("{9A19103F-16F7-4668-BE54-9A1E7A4F7556}") = "NugetPublisher", "NugetPublisher\NugetPublisher.csproj", "{8B22A0E5-C4D4-49D2-83F4-8D6788D2075E}"
EndProject
Project("{54435603-DBB4-11D2-8724-00A0C9A8B90C}") = "NugetPackageCreator", "NugetPackageCreator\NugetPackageCreator.vdproj", "{1CE9161C-558F-4BFF-8593-9C5D66117B2A}"
EndProject
Global
	GlobalSection(SolutionConfigurationPlatforms) = preSolution
		Debug|Any CPU = Debug|Any CPU
		Release|Any CPU = Release|Any CPU
	EndGlobalSection
	GlobalSection(ProjectConfigurationPlatforms) = postSolution
		{8B22A0E5-C4D4-49D2-83F4-8D6788D2075E}.Debug|Any CPU.ActiveCfg = Debug|Any CPU
		{8B22A0E5-C4D4-49D2-83F4-8D6788D2075E}.Debug|Any CPU.Build.0 = Debug|Any CPU
		{8B22A0E5-C4D4-49D2-83F4-8D6788D2075E}.Release|Any CPU.ActiveCfg = Release|Any CPU
		{8B22A0E5-C4D4-49D2-83F4-8D6788D2075E}.Release|Any CPU.Build.0 = Release|Any CPU
		{1CE9161C-558F-4BFF-8593-9C5D66117B2A}.Debug|Any CPU.ActiveCfg = Debug
		{1CE9161C-558F-4BFF-8593-9C5D66117B2A}.Release|Any CPU.ActiveCfg = Release
	EndGlobalSection
	GlobalSection(SolutionProperties) = preSolution
		HideSolutionNode = FALSE
	EndGlobalSection
	GlobalSection(ExtensibilityGlobals) = postSolution
		SolutionGuid = {EBC7F2F0-BD49-4F48-98E8-FF8610B54F5C}
	EndGlobalSection
EndGlobal
